{
    "_readme": [
        "This file locks the dependencies of your project to a known state",
        "Read more about it at http://getcomposer.org/doc/01-basic-usage.md#composer-lock-the-lock-file",
        "This file is @generated automatically"
    ],
    "hash": "9b17c06c6d82b894e6c8ec0d3bd858f1",
    "packages": [
        {
            "name": "brandonwamboldt/utilphp",
            "version": "1.1.0",
            "source": {
                "type": "git",
                "url": "https://github.com/brandonwamboldt/utilphp.git",
                "reference": "36c32efc4f0679c05163464a550f45c8d83fe683"
            },
            "dist": {
                "type": "zip",
                "url": "https://api.github.com/repos/brandonwamboldt/utilphp/zipball/36c32efc4f0679c05163464a550f45c8d83fe683",
                "reference": "36c32efc4f0679c05163464a550f45c8d83fe683",
                "shasum": ""
            },
            "require": {
                "php": ">=5.3.3"
            },
            "require-dev": {
                "satooshi/php-coveralls": "dev-master"
            },
            "type": "library",
            "autoload": {
                "psr-0": {
                    "utilphp\\": "src/"
                }
            },
            "notification-url": "https://packagist.org/downloads/",
            "license": [
                "MIT"
            ],
            "authors": [
                {
                    "name": "Brandon Wamboldt",
                    "email": "brandon.wamboldt@gmail.com"
                }
            ],
            "description": "util.php is a collection of useful functions and snippets that you need or could use every day, designed to avoid conflicts with existing projects",
            "homepage": "https://github.com/brandonwamboldt/utilphp",
            "keywords": [
                "collection",
                "helpers",
                "php",
                "utility"
            ],
            "time": "2015-02-02 17:56:14"
        },
        {
            "name": "duanejeffers/cli.class.php",
            "version": "dev-master",
            "source": {
                "type": "git",
                "url": "https://github.com/duanejeffers/cli.class.php.git",
                "reference": "4475fa1aa0300ff01afd95ed0b520f7f23e1ca50"
            },
            "dist": {
                "type": "zip",
                "url": "https://api.github.com/repos/duanejeffers/cli.class.php/zipball/4475fa1aa0300ff01afd95ed0b520f7f23e1ca50",
                "reference": "4475fa1aa0300ff01afd95ed0b520f7f23e1ca50",
                "shasum": ""
            },
            "type": "library",
            "autoload": {
                "files": [
                    "Cli.php"
                ]
            },
            "notification-url": "https://packagist.org/downloads/",
            "license": [
                "MIT"
            ],
            "authors": [
                {
                    "name": "Duane Jeffers",
                    "email": "duane@duanejeffers.com",
                    "homepage": "http://duanejeffers.com/",
                    "role": "Developer"
                }
            ],
            "description": "Simple object for creating CLI programs in PHP",
            "time": "2013-12-02 22:30:19"
        },
        {
            "name": "filp/whoops",
            "version": "1.1.3",
            "source": {
                "type": "git",
                "url": "https://github.com/filp/whoops.git",
                "reference": "a85fab9a98f1f9b8ebcdbe71733f0d910e5b9adf"
            },
            "dist": {
                "type": "zip",
                "url": "https://api.github.com/repos/filp/whoops/zipball/a85fab9a98f1f9b8ebcdbe71733f0d910e5b9adf",
                "reference": "a85fab9a98f1f9b8ebcdbe71733f0d910e5b9adf",
                "shasum": ""
            },
            "require": {
                "php": ">=5.3.0"
            },
            "require-dev": {
                "mockery/mockery": "0.9.*"
            },
            "type": "library",
            "extra": {
                "branch-alias": {
                    "dev-master": "1.2-dev"
                }
            },
            "autoload": {
                "psr-0": {
                    "Whoops": "src/"
                },
                "classmap": [
                    "src/deprecated"
                ]
            },
            "notification-url": "https://packagist.org/downloads/",
            "license": [
                "MIT"
            ],
            "authors": [
                {
                    "name": "Filipe Dobreira",
                    "homepage": "https://github.com/filp",
                    "role": "Developer"
                }
            ],
            "description": "php error handling for cool kids",
            "homepage": "https://github.com/filp/whoops",
            "keywords": [
                "error",
                "exception",
                "handling",
                "library",
                "silex-provider",
                "whoops",
                "zf2"
            ],
            "time": "2014-10-26 09:05:09"
        },
        {
            "name": "j4mie/idiorm",
            "version": "v1.5.1",
            "source": {
                "type": "git",
                "url": "https://github.com/j4mie/idiorm.git",
                "reference": "b0922d8719a94e3a0e0e4a0ca3876f4f91475dcf"
            },
            "dist": {
                "type": "zip",
                "url": "https://api.github.com/repos/j4mie/idiorm/zipball/b0922d8719a94e3a0e0e4a0ca3876f4f91475dcf",
                "reference": "b0922d8719a94e3a0e0e4a0ca3876f4f91475dcf",
                "shasum": ""
            },
            "require": {
                "php": ">=5.2.0"
            },
            "type": "library",
            "autoload": {
                "classmap": [
                    "idiorm.php"
                ]
            },
            "notification-url": "https://packagist.org/downloads/",
            "license": [
                "BSD-2-Clause",
                "BSD-3-Clause",
                "BSD-4-Clause"
            ],
            "authors": [
                {
                    "name": "Simon Holywell",
                    "email": "treffynnon@php.net",
                    "homepage": "http://simonholywell.com",
                    "role": "Maintainer"
                },
                {
                    "name": "Jamie Matthews",
                    "email": "jamie.matthews@gmail.com",
                    "homepage": "http://j4mie.org",
                    "role": "Developer"
                },
                {
                    "name": "Durham Hale",
                    "email": "me@durhamhale.com",
                    "homepage": "http://durhamhale.com",
                    "role": "Maintainer"
                }
            ],
            "description": "A lightweight nearly-zero-configuration object-relational mapper and fluent query builder for PHP5",
            "homepage": "http://j4mie.github.com/idiormandparis",
            "keywords": [
                "idiorm",
                "orm",
                "query builder"
            ],
            "time": "2014-06-23 13:08:57"
        },
        {
            "name": "league/flysystem",
            "version": "1.0.1",
            "source": {
                "type": "git",
                "url": "https://github.com/thephpleague/flysystem.git",
                "reference": "efa1d394bb45b0984a863854c608c607b9c2a9a4"
            },
            "dist": {
                "type": "zip",
                "url": "https://api.github.com/repos/thephpleague/flysystem/zipball/efa1d394bb45b0984a863854c608c607b9c2a9a4",
                "reference": "efa1d394bb45b0984a863854c608c607b9c2a9a4",
                "shasum": ""
            },
            "require": {
                "php": ">=5.4.0"
            },
            "require-dev": {
                "ext-fileinfo": "*",
                "league/phpunit-coverage-listener": "~1.1",
                "mockery/mockery": "~0.9",
                "phpspec/phpspec": "~2.0.0",
                "phpspec/prophecy-phpunit": "~1.0",
                "phpunit/phpunit": "~4.0",
                "predis/predis": "~1.0",
                "tedivm/stash": "~0.12.0"
            },
            "suggest": {
                "ext-fileinfo": "Required for MimeType",
                "league/flysystem-aws-s3-v2": "Use S3 storage with AWS SDK v2",
                "league/flysystem-aws-s3-v3": "Use S3 storage with AWS SDK v3",
                "league/flysystem-azure": "Allows you to use Windows Azure Blob storage",
                "league/flysystem-cached-adapter": "Flysystem adapter decorator for metadata caching",
                "league/flysystem-copy": "Allows you to use Copy.com storage",
                "league/flysystem-dropbox": "Use Dropbox storage",
                "league/flysystem-eventable-filesystem": "Allows you to use EventableFilesystem",
                "league/flysystem-rackspace": "Allows you to use Rackspace Cloud Files",
                "league/flysystem-sftp": "Allows SFTP server storage via phpseclib",
                "league/flysystem-webdav": "Allows you to use WebDAV storage",
                "league/flysystem-ziparchive": "Allows you to use ZipArchive adapter",
                "predis/predis": "Allows you to use Predis for caching"
            },
            "type": "library",
            "extra": {
                "branch-alias": {
                    "dev-master": "1.1-dev"
                }
            },
            "autoload": {
                "psr-4": {
                    "League\\Flysystem\\": "src/"
                }
            },
            "notification-url": "https://packagist.org/downloads/",
            "license": [
                "MIT"
            ],
            "authors": [
                {
                    "name": "Frank de Jonge",
                    "email": "info@frenky.net"
                }
            ],
            "description": "Many filesystems, one API.",
            "keywords": [
                "Cloud Files",
                "WebDAV",
                "aws",
                "cloud",
                "copy.com",
                "dropbox",
                "file systems",
                "files",
                "filesystem",
                "ftp",
                "rackspace",
                "remote",
                "s3",
                "sftp",
                "storage"
            ],
            "time": "2015-01-23 09:43:34"
        },
        {
            "name": "league/fractal",
            "version": "0.11.0",
            "source": {
                "type": "git",
                "url": "https://github.com/thephpleague/fractal.git",
                "reference": "5abf7b1ce12fea1e575355f76f4f58f15dba4be4"
            },
            "dist": {
                "type": "zip",
                "url": "https://api.github.com/repos/thephpleague/fractal/zipball/5abf7b1ce12fea1e575355f76f4f58f15dba4be4",
                "reference": "5abf7b1ce12fea1e575355f76f4f58f15dba4be4",
                "shasum": ""
            },
            "require": {
                "php": ">=5.3"
            },
            "require-dev": {
                "illuminate/pagination": "~4.1",
                "mockery/mockery": "~0.9",
                "pagerfanta/pagerfanta": "~1.0.0",
                "phpunit/phpunit": "~4.0",
                "squizlabs/php_codesniffer": "~1.5",
                "zendframework/zend-paginator": "~2.3"
            },
            "suggest": {
                "illuminate/pagination": "The Illuminate Pagination component.",
                "pagerfanta/pagerfanta": "Pagerfanta Paginator",
                "zendframework/zend-paginator": "Zend Framework Paginator"
            },
            "type": "library",
            "extra": {
                "branch-alias": {
                    "dev-master": "0.10-dev"
                }
            },
            "autoload": {
                "psr-4": {
                    "League\\Fractal\\": "src"
                }
            },
            "notification-url": "https://packagist.org/downloads/",
            "license": [
                "MIT"
            ],
            "authors": [
                {
                    "name": "Phil Sturgeon",
                    "email": "me@philsturgeon.uk",
                    "homepage": "http://philsturgeon.uk/",
                    "role": "Developer"
                }
            ],
            "description": "Handle the output of complex data structures ready for JSON output.",
            "homepage": "http://fractal.thephpleague.com/",
            "keywords": [
                "api",
                "json",
                "league",
                "rest"
            ],
            "time": "2014-12-10 16:59:07"
        },
        {
            "name": "mandrill/mandrill",
            "version": "1.0.54",
            "source": {
                "type": "git",
                "url": "https://bitbucket.org/mailchimp/mandrill-api-php.git",
                "reference": "9f336b08ea148c80db3b694f3dc737cd4f414e19"
            },
            "dist": {
                "type": "zip",
                "url": "https://bitbucket.org/mailchimp/mandrill-api-php/get/9f336b08ea148c80db3b694f3dc737cd4f414e19.zip",
                "reference": "9f336b08ea148c80db3b694f3dc737cd4f414e19",
                "shasum": ""
            },
            "require": {
                "php": ">=5.2.0"
            },
            "type": "library",
            "autoload": {
                "psr-0": {
                    "Mandrill": "src/"
                }
            },
            "notification-url": "https://packagist.org/downloads/",
            "license": [
                "Apache-2.0"
            ],
            "authors": [
                {
                    "name": "Mandrill Devs",
                    "email": "community@mandrill.com",
                    "homepage": "http://mandrill.com",
                    "role": "Developer"
                }
            ],
            "description": "API client library for the Mandrill email as a service platform",
            "homepage": "https://bitbucket.org/mailchimp/mandrill-api-php",
            "keywords": [
                "api",
                "email"
            ],
            "time": "2014-10-16 21:08:20"
        },
        {
            "name": "slim/slim",
            "version": "2.5.0",
            "source": {
                "type": "git",
                "url": "https://github.com/codeguy/Slim.git",
                "reference": "04958a10ed95bc7bc97568e573877d4f9b62db48"
            },
            "dist": {
                "type": "zip",
                "url": "https://api.github.com/repos/codeguy/Slim/zipball/04958a10ed95bc7bc97568e573877d4f9b62db48",
                "reference": "04958a10ed95bc7bc97568e573877d4f9b62db48",
                "shasum": ""
            },
            "require": {
                "php": ">=5.3.0"
            },
            "suggest": {
                "ext-mcrypt": "Required for HTTP cookie encryption"
            },
            "type": "library",
            "autoload": {
                "psr-0": {
                    "Slim": "."
                }
            },
            "notification-url": "https://packagist.org/downloads/",
            "license": [
                "MIT"
            ],
            "authors": [
                {
                    "name": "Josh Lockhart",
                    "email": "info@joshlockhart.com",
                    "homepage": "http://www.joshlockhart.com/"
                }
            ],
            "description": "Slim Framework, a PHP micro framework",
            "homepage": "http://github.com/codeguy/Slim",
            "keywords": [
                "microframework",
                "rest",
                "router"
            ],
            "time": "2014-12-09 19:59:29"
        },
        {
            "name": "tylerjuniorcollege/slim-layout",
            "version": "dev-master",
            "source": {
                "type": "git",
                "url": "https://github.com/tylerjuniorcollege/slim-layout.git",
                "reference": "6ddcd5b5699cb6461b409d714041954807c2db28"
            },
            "dist": {
                "type": "zip",
                "url": "https://api.github.com/repos/tylerjuniorcollege/slim-layout/zipball/6ddcd5b5699cb6461b409d714041954807c2db28",
                "reference": "6ddcd5b5699cb6461b409d714041954807c2db28",
                "shasum": ""
            },
            "require": {
                "slim/slim": "2.*"
            },
            "type": "library",
            "autoload": {
                "psr-4": {
                    "TJC\\View\\": "src/"
                }
            },
            "notification-url": "https://packagist.org/downloads/",
            "license": [
                "MIT"
            ],
            "authors": [
                {
                    "name": "Duane Jeffers",
                    "email": "djef@tjc.edu",
                    "role": "Developer"
                }
            ],
            "description": "Simple Layout Class for Slim Framework",
            "time": "2015-02-03 16:38:54"
        },
        {
            "name": "zeuxisoo/slim-whoops",
            "version": "0.2.0",
            "source": {
                "type": "git",
                "url": "https://github.com/zeuxisoo/php-slim-whoops.git",
                "reference": "189d6f8907e0f78d18513bb14897a91dd68a423f"
            },
            "dist": {
                "type": "zip",
                "url": "https://api.github.com/repos/zeuxisoo/php-slim-whoops/zipball/189d6f8907e0f78d18513bb14897a91dd68a423f",
                "reference": "189d6f8907e0f78d18513bb14897a91dd68a423f",
                "shasum": ""
            },
            "require": {
                "php": ">=5.3.0"
            },
            "require-dev": {
                "filp/whoops": "1.*",
                "phpunit/phpunit": "3.7.*@dev",
                "slim/slim": "2.*"
            },
            "type": "library",
            "autoload": {
                "psr-0": {
                    "Zeuxisoo\\Whoops\\Provider\\Slim\\WhoopsMiddleware": "src/"
                }
            },
            "notification-url": "https://packagist.org/downloads/",
            "license": [
                "BSD-2-Clause"
            ],
            "authors": [
                {
                    "name": "Zeuxis.Lo",
                    "email": "seekstudio@gmail.com",
                    "homepage": "http://www.chair.im/",
                    "role": "Developer"
                }
            ],
            "description": "PHP whoops error on slim framework",
            "homepage": "https://github.com/zeuxisoo/php-slim-whoops/",
            "keywords": [
                "error",
                "exception",
                "slim",
                "whoops"
            ],
            "time": "2014-04-02 04:57:23"
        }
    ],
    "packages-dev": [],
    "aliases": [],
    "minimum-stability": "stable",
    "stability-flags": {
        "tylerjuniorcollege/slim-layout": 20,
        "duanejeffers/cli.class.php": 20
    },
    "prefer-stable": false,
    "prefer-lowest": false,
    "platform": [],
    "platform-dev": []
}
